# THIS IS AN AUTOGENERATED FILE. DO NOT EDIT THIS FILE DIRECTLY.
# yarn lockfile v1


react-hook-form@^6.12.2:
  version "6.12.2"
  resolved "https://registry.yarnpkg.com/react-hook-form/-/react-hook-form-6.12.2.tgz#aa67f47da4730a7bce44768583bdf5b749eed521"
  integrity sha512-O72E2DXyk7djFqyy6eYi5yESGweKe0CNHHPS0Mx4JazpLbE4Ox+66ldZ23f0J5ZN/krEjDWRD+hUfg5Shvfhtw==
